{
  "name": "capacitor-release-fixture",
  "lockfileVersion": 3,
  "requires": true,
  "packages": {
    "": {
      "dependencies": {
        "@capacitor/camera": "8.0.0",
        "@capacitor/core": "8.5.1",
        "@capacitor/ios": "8.5.1",
        "@capacitor/preferences": "8.0.0"
      },
      "devDependencies": {
        "@capacitor/cli": "8.5.1"
      }
    }
  }
}
